
Microsoft Visual Studio Solution File, Format Version 12.00
# Visual Studio Version 17
VisualStudioVersion = 17.5.002.0
MinimumVisualStudioVersion = 10.0.40219.1
Project("{9A19103F-16F7-4668-BE54-9A1E7A4F7556}") = "ContactList", "ContactList.csproj", "{FA454582-9ABE-44D7-BF71-7208EACB648E}"
EndProject
Global
	GlobalSection(SolutionConfigurationPlatforms) = preSolution
		Debug|Any CPU = Debug|Any CPU
		Release|Any CPU = Release|Any CPU
	EndGlobalSection
	GlobalSection(ProjectConfigurationPlatforms) = postSolution
		{FA454582-9ABE-44D7-BF71-7208EACB648E}.Debug|Any CPU.ActiveCfg = Debug|Any CPU
		{FA454582-9ABE-44D7-BF71-7208EACB648E}.Debug|Any CPU.Build.0 = Debug|Any CPU
		{FA454582-9ABE-44D7-BF71-7208EACB648E}.Release|Any CPU.ActiveCfg = Release|Any CPU
		{FA454582-9ABE-44D7-BF71-7208EACB648E}.Release|Any CPU.Build.0 = Release|Any CPU
	EndGlobalSection
	GlobalSection(SolutionProperties) = preSolution
		HideSolutionNode = FALSE
	EndGlobalSection
	GlobalSection(ExtensibilityGlobals) = postSolution
		SolutionGuid = {6B13A4FA-29D2-4F59-94EA-B690375971F1}
	EndGlobalSection
EndGlobal
